
Microsoft Visual Studio Solution File, Format Version 12.00
# Visual Studio 2013
VisualStudioVersion = 12.0.30723.0
MinimumVisualStudioVersion = 10.0.40219.1
Project("{2150E333-8FDC-42A3-9474-1A3956D46DE8}") = "_Common", "_Common", "{4DD1C0AA-5FE6-4153-B619-8721EF1BBA3F}"
	ProjectSection(SolutionItems) = preProject
		AllCountries.xml = AllCountries.xml
		ClassCommentRemarks.txt = ClassCommentRemarks.txt
		_Common\Entities Map.dgml = _Common\Entities Map.dgml
		_Common\SharedAssemblyInfo.cs = _Common\SharedAssemblyInfo.cs
	EndProjectSection
EndProject
Project("{2150E333-8FDC-42A3-9474-1A3956D46DE8}") = "Logic", "Logic", "{467723EE-F8EF-4881-AEA8-E01287EE4E36}"
EndProject
Project("{2150E333-8FDC-42A3-9474-1A3956D46DE8}") = "Ui", "Ui", "{C1BC1E3D-560B-47DF-BC86-4DD3FAC9BE38}"
EndProject
Project("{2150E333-8FDC-42A3-9474-1A3956D46DE8}") = "Test", "Test", "{57F1651E-EC5D-4FA5-9E21-9C90C6158A3F}"
EndProject
Project("{FAE04EC0-301F-11D3-BF4B-00C04F79EFBC}") = "Logic.Entities", "Logic\Logic.Entities\Logic.Entities.csproj", "{DB143A1A-3364-4199-AE49-496B5A9BC134}"
EndProject
Project("{2150E333-8FDC-42A3-9474-1A3956D46DE8}") = "Persistance", "Persistance", "{534BCAF4-E25D-4C13-950D-82B0412E865D}"
EndProject
Project("{FAE04EC0-301F-11D3-BF4B-00C04F79EFBC}") = "Persistance.Data", "Persistance\Persistance.Data\Persistance.Data.csproj", "{1BE7316F-F22C-475A-AFC6-AF6638B712BD}"
EndProject
Project("{FAE04EC0-301F-11D3-BF4B-00C04F79EFBC}") = "Logic.Core", "Logic\Logic.Core\Logic.Core.csproj", "{569A7C21-BCBF-4CF5-AEAF-F7D35F30EE19}"
EndProject
Global
	GlobalSection(SolutionConfigurationPlatforms) = preSolution
		Debug|Any CPU = Debug|Any CPU
		Release|Any CPU = Release|Any CPU
	EndGlobalSection
	GlobalSection(ProjectConfigurationPlatforms) = postSolution
		{DB143A1A-3364-4199-AE49-496B5A9BC134}.Debug|Any CPU.ActiveCfg = Debug|Any CPU
		{DB143A1A-3364-4199-AE49-496B5A9BC134}.Debug|Any CPU.Build.0 = Debug|Any CPU
		{DB143A1A-3364-4199-AE49-496B5A9BC134}.Release|Any CPU.ActiveCfg = Release|Any CPU
		{DB143A1A-3364-4199-AE49-496B5A9BC134}.Release|Any CPU.Build.0 = Release|Any CPU
		{1BE7316F-F22C-475A-AFC6-AF6638B712BD}.Debug|Any CPU.ActiveCfg = Debug|Any CPU
		{1BE7316F-F22C-475A-AFC6-AF6638B712BD}.Debug|Any CPU.Build.0 = Debug|Any CPU
		{1BE7316F-F22C-475A-AFC6-AF6638B712BD}.Release|Any CPU.ActiveCfg = Release|Any CPU
		{1BE7316F-F22C-475A-AFC6-AF6638B712BD}.Release|Any CPU.Build.0 = Release|Any CPU
		{569A7C21-BCBF-4CF5-AEAF-F7D35F30EE19}.Debug|Any CPU.ActiveCfg = Debug|Any CPU
		{569A7C21-BCBF-4CF5-AEAF-F7D35F30EE19}.Debug|Any CPU.Build.0 = Debug|Any CPU
		{569A7C21-BCBF-4CF5-AEAF-F7D35F30EE19}.Release|Any CPU.ActiveCfg = Release|Any CPU
		{569A7C21-BCBF-4CF5-AEAF-F7D35F30EE19}.Release|Any CPU.Build.0 = Release|Any CPU
	EndGlobalSection
	GlobalSection(SolutionProperties) = preSolution
		HideSolutionNode = FALSE
	EndGlobalSection
	GlobalSection(NestedProjects) = preSolution
		{DB143A1A-3364-4199-AE49-496B5A9BC134} = {467723EE-F8EF-4881-AEA8-E01287EE4E36}
		{1BE7316F-F22C-475A-AFC6-AF6638B712BD} = {534BCAF4-E25D-4C13-950D-82B0412E865D}
		{569A7C21-BCBF-4CF5-AEAF-F7D35F30EE19} = {467723EE-F8EF-4881-AEA8-E01287EE4E36}
	EndGlobalSection
EndGlobal
